
Microsoft Visual Studio Solution File, Format Version 12.00
# Visual Studio Version 17
VisualStudioVersion = 17.10.34928.147
MinimumVisualStudioVersion = 10.0.40219.1
Project("{FAE04EC0-301F-11D3-BF4B-00C04F79EFBC}") = "btc-caller", "btc-caller.csproj", "{21F1F29F-17B9-4541-BE70-C8EB6B278ACC}"
EndProject
Global
	GlobalSection(SolutionConfigurationPlatforms) = preSolution
		Debug|Any CPU = Debug|Any CPU
		Release|Any CPU = Release|Any CPU
	EndGlobalSection
	GlobalSection(ProjectConfigurationPlatforms) = postSolution
		{21F1F29F-17B9-4541-BE70-C8EB6B278ACC}.Debug|Any CPU.ActiveCfg = Debug|Any CPU
		{21F1F29F-17B9-4541-BE70-C8EB6B278ACC}.Debug|Any CPU.Build.0 = Debug|Any CPU
		{21F1F29F-17B9-4541-BE70-C8EB6B278ACC}.Release|Any CPU.ActiveCfg = Release|Any CPU
		{21F1F29F-17B9-4541-BE70-C8EB6B278ACC}.Release|Any CPU.Build.0 = Release|Any CPU
	EndGlobalSection
	GlobalSection(SolutionProperties) = preSolution
		HideSolutionNode = FALSE
	EndGlobalSection
	GlobalSection(ExtensibilityGlobals) = postSolution
		SolutionGuid = {131AAAAC-048B-4AC9-81AA-AE2EB5228A98}
	EndGlobalSection
EndGlobal
